
Microsoft Visual Studio Solution File, Format Version 12.00
# Visual Studio Version 17
VisualStudioVersion = 17.0.32112.339
MinimumVisualStudioVersion = 10.0.40219.1
Project("{9A19103F-16F7-4668-BE54-9A1E7A4F7556}") = "IT.Mapping", "IT.Mapping\IT.Mapping.csproj", "{F7C6DD64-3926-491E-AAAF-E1CB2F2DD2CE}"
EndProject
Project("{9A19103F-16F7-4668-BE54-9A1E7A4F7556}") = "IT.Mapping.AutoMapper", "IT.Mapping.AutoMapper\IT.Mapping.AutoMapper.csproj", "{6042650F-C54A-45C4-8922-E6040C029142}"
EndProject
Project("{9A19103F-16F7-4668-BE54-9A1E7A4F7556}") = "IT.Mapping.Benchmarks", "IT.Mapping.Benchmarks\IT.Mapping.Benchmarks.csproj", "{0895F64B-DAFA-409A-B072-FAB67B581710}"
EndProject
Project("{9A19103F-16F7-4668-BE54-9A1E7A4F7556}") = "IT.Mapping.Mapster", "IT.Mapping.Mapster\IT.Mapping.Mapster.csproj", "{1CFB4C80-9346-4AB7-916E-6947A676A65B}"
EndProject
Project("{9A19103F-16F7-4668-BE54-9A1E7A4F7556}") = "IT.Mapping.Tests", "IT.Mapping.Tests\IT.Mapping.Tests.csproj", "{56379182-B519-4E3B-908D-39E03C91454D}"
EndProject
Global
	GlobalSection(SolutionConfigurationPlatforms) = preSolution
		Debug|Any CPU = Debug|Any CPU
		Release|Any CPU = Release|Any CPU
	EndGlobalSection
	GlobalSection(ProjectConfigurationPlatforms) = postSolution
		{F7C6DD64-3926-491E-AAAF-E1CB2F2DD2CE}.Debug|Any CPU.ActiveCfg = Debug|Any CPU
		{F7C6DD64-3926-491E-AAAF-E1CB2F2DD2CE}.Debug|Any CPU.Build.0 = Debug|Any CPU
		{F7C6DD64-3926-491E-AAAF-E1CB2F2DD2CE}.Release|Any CPU.ActiveCfg = Release|Any CPU
		{F7C6DD64-3926-491E-AAAF-E1CB2F2DD2CE}.Release|Any CPU.Build.0 = Release|Any CPU
		{6042650F-C54A-45C4-8922-E6040C029142}.Debug|Any CPU.ActiveCfg = Debug|Any CPU
		{6042650F-C54A-45C4-8922-E6040C029142}.Debug|Any CPU.Build.0 = Debug|Any CPU
		{6042650F-C54A-45C4-8922-E6040C029142}.Release|Any CPU.ActiveCfg = Release|Any CPU
		{6042650F-C54A-45C4-8922-E6040C029142}.Release|Any CPU.Build.0 = Release|Any CPU
		{0895F64B-DAFA-409A-B072-FAB67B581710}.Debug|Any CPU.ActiveCfg = Debug|Any CPU
		{0895F64B-DAFA-409A-B072-FAB67B581710}.Debug|Any CPU.Build.0 = Debug|Any CPU
		{0895F64B-DAFA-409A-B072-FAB67B581710}.Release|Any CPU.ActiveCfg = Release|Any CPU
		{0895F64B-DAFA-409A-B072-FAB67B581710}.Release|Any CPU.Build.0 = Release|Any CPU
		{1CFB4C80-9346-4AB7-916E-6947A676A65B}.Debug|Any CPU.ActiveCfg = Debug|Any CPU
		{1CFB4C80-9346-4AB7-916E-6947A676A65B}.Debug|Any CPU.Build.0 = Debug|Any CPU
		{1CFB4C80-9346-4AB7-916E-6947A676A65B}.Release|Any CPU.ActiveCfg = Release|Any CPU
		{1CFB4C80-9346-4AB7-916E-6947A676A65B}.Release|Any CPU.Build.0 = Release|Any CPU
		{56379182-B519-4E3B-908D-39E03C91454D}.Debug|Any CPU.ActiveCfg = Debug|Any CPU
		{56379182-B519-4E3B-908D-39E03C91454D}.Debug|Any CPU.Build.0 = Debug|Any CPU
		{56379182-B519-4E3B-908D-39E03C91454D}.Release|Any CPU.ActiveCfg = Release|Any CPU
		{56379182-B519-4E3B-908D-39E03C91454D}.Release|Any CPU.Build.0 = Release|Any CPU
	EndGlobalSection
	GlobalSection(SolutionProperties) = preSolution
		HideSolutionNode = FALSE
	EndGlobalSection
	GlobalSection(ExtensibilityGlobals) = postSolution
		SolutionGuid = {E61A39C8-7FE8-4292-A237-B5DBE7E0E57C}
	EndGlobalSection
EndGlobal
